
Microsoft Visual Studio Solution File, Format Version 12.00
# Visual Studio Version 18
VisualStudioVersion = 18.10.12106.202
MinimumVisualStudioVersion = 10.0.40219.1
Project("{9A19103F-16F7-4668-BE54-9A1E7A4F7556}") = "Smpp.Net.Client", "JamaaTech.Smpp.Net.Client\Smpp.Net.Client.csproj", "{29B74C7F-40A4-41AF-A1CD-A30BB5FE2649}"
EndProject
Project("{9A19103F-16F7-4668-BE54-9A1E7A4F7556}") = "Smpp.Net.Lib", "JamaaTech.Smpp.Net.Lib\Smpp.Net.Lib.csproj", "{3FC3629D-8702-4ABF-BC8B-DB2EF91C1B57}"
EndProject
Project("{9A19103F-16F7-4668-BE54-9A1E7A4F7556}") = "DemoClient", "DemoClient\DemoClient.csproj", "{96C6F0F6-2FA0-4F82-B68D-903264F02383}"
EndProject
Project("{2150E333-8FDC-42A3-9474-1A3956D46DE8}") = "Solution Items", "Solution Items", "{A540A591-CBB2-46C8-8F64-C72B4C83492E}"
	ProjectSection(SolutionItems) = preProject
		common.props = common.props
		Jamaa Smpp Client.snk = Jamaa Smpp Client.snk
		LICENSE = LICENSE
		README.md = README.md
	EndProjectSection
EndProject
Project("{2150E333-8FDC-42A3-9474-1A3956D46DE8}") = "build", "build", "{B49D3C8D-C883-4811-8F54-248E0B33E1C6}"
	ProjectSection(SolutionItems) = preProject
		build.cake = build.cake
		build.ps1 = build.ps1
		nupkg\pack.ps1 = nupkg\pack.ps1
	EndProjectSection
EndProject
Project("{FAE04EC0-301F-11D3-BF4B-00C04F79EFBC}") = "Benchmarks", "Benchmarks\Benchmarks.csproj", "{4C519B03-BEAB-4586-B8BF-9C2A43DDF87F}"
EndProject
Project("{2150E333-8FDC-42A3-9474-1A3956D46DE8}") = "Tests", "Tests", "{14856823-95F8-4234-BB73-2AB8A4FCFB90}"
EndProject
Project("{FAE04EC0-301F-11D3-BF4B-00C04F79EFBC}") = "JamaaTech.Smpp.Net.Tests", "Tests\JamaaTech.Smpp.Net.Tests\JamaaTech.Smpp.Net.Tests.csproj", "{8FD314D7-C2CE-4697-80A5-38AECE35EDD3}"
EndProject
Global
	GlobalSection(SolutionConfigurationPlatforms) = preSolution
		Debug|Any CPU = Debug|Any CPU
		Debug|x64 = Debug|x64
		Debug|x86 = Debug|x86
		Release|Any CPU = Release|Any CPU
		Release|x64 = Release|x64
		Release|x86 = Release|x86
	EndGlobalSection
	GlobalSection(ProjectConfigurationPlatforms) = postSolution
		{29B74C7F-40A4-41AF-A1CD-A30BB5FE2649}.Debug|Any CPU.ActiveCfg = Debug|Any CPU
		{29B74C7F-40A4-41AF-A1CD-A30BB5FE2649}.Debug|Any CPU.Build.0 = Debug|Any CPU
		{29B74C7F-40A4-41AF-A1CD-A30BB5FE2649}.Debug|x64.ActiveCfg = Debug|Any CPU
		{29B74C7F-40A4-41AF-A1CD-A30BB5FE2649}.Debug|x64.Build.0 = Debug|Any CPU
		{29B74C7F-40A4-41AF-A1CD-A30BB5FE2649}.Debug|x86.ActiveCfg = Debug|Any CPU
		{29B74C7F-40A4-41AF-A1CD-A30BB5FE2649}.Debug|x86.Build.0 = Debug|Any CPU
		{29B74C7F-40A4-41AF-A1CD-A30BB5FE2649}.Release|Any CPU.ActiveCfg = Release|Any CPU
		{29B74C7F-40A4-41AF-A1CD-A30BB5FE2649}.Release|Any CPU.Build.0 = Release|Any CPU
		{29B74C7F-40A4-41AF-A1CD-A30BB5FE2649}.Release|x64.ActiveCfg = Release|Any CPU
		{29B74C7F-40A4-41AF-A1CD-A30BB5FE2649}.Release|x64.Build.0 = Release|Any CPU
		{29B74C7F-40A4-41AF-A1CD-A30BB5FE2649}.Release|x86.ActiveCfg = Release|Any CPU
		{29B74C7F-40A4-41AF-A1CD-A30BB5FE2649}.Release|x86.Build.0 = Release|Any CPU
		{3FC3629D-8702-4ABF-BC8B-DB2EF91C1B57}.Debug|Any CPU.ActiveCfg = Debug|Any CPU
		{3FC3629D-8702-4ABF-BC8B-DB2EF91C1B57}.Debug|Any CPU.Build.0 = Debug|Any CPU
		{3FC3629D-8702-4ABF-BC8B-DB2EF91C1B57}.Debug|x64.ActiveCfg = Debug|Any CPU
		{3FC3629D-8702-4ABF-BC8B-DB2EF91C1B57}.Debug|x64.Build.0 = Debug|Any CPU
		{3FC3629D-8702-4ABF-BC8B-DB2EF91C1B57}.Debug|x86.ActiveCfg = Debug|Any CPU
		{3FC3629D-8702-4ABF-BC8B-DB2EF91C1B57}.Debug|x86.Build.0 = Debug|Any CPU
		{3FC3629D-8702-4ABF-BC8B-DB2EF91C1B57}.Release|Any CPU.ActiveCfg = Release|Any CPU
		{3FC3629D-8702-4ABF-BC8B-DB2EF91C1B57}.Release|Any CPU.Build.0 = Release|Any CPU
		{3FC3629D-8702-4ABF-BC8B-DB2EF91C1B57}.Release|x64.ActiveCfg = Release|Any CPU
		{3FC3629D-8702-4ABF-BC8B-DB2EF91C1B57}.Release|x64.Build.0 = Release|Any CPU
		{3FC3629D-8702-4ABF-BC8B-DB2EF91C1B57}.Release|x86.ActiveCfg = Release|Any CPU
		{3FC3629D-8702-4ABF-BC8B-DB2EF91C1B57}.Release|x86.Build.0 = Release|Any CPU
		{96C6F0F6-2FA0-4F82-B68D-903264F02383}.Debug|Any CPU.ActiveCfg = Debug|Any CPU
		{96C6F0F6-2FA0-4F82-B68D-903264F02383}.Debug|Any CPU.Build.0 = Debug|Any CPU
		{96C6F0F6-2FA0-4F82-B68D-903264F02383}.Debug|x64.ActiveCfg = Debug|Any CPU
		{96C6F0F6-2FA0-4F82-B68D-903264F02383}.Debug|x64.Build.0 = Debug|Any CPU
		{96C6F0F6-2FA0-4F82-B68D-903264F02383}.Debug|x86.ActiveCfg = Debug|Any CPU
		{96C6F0F6-2FA0-4F82-B68D-903264F02383}.Debug|x86.Build.0 = Debug|Any CPU
		{96C6F0F6-2FA0-4F82-B68D-903264F02383}.Release|Any CPU.ActiveCfg = Release|Any CPU
		{96C6F0F6-2FA0-4F82-B68D-903264F02383}.Release|Any CPU.Build.0 = Release|Any CPU
		{96C6F0F6-2FA0-4F82-B68D-903264F02383}.Release|x64.ActiveCfg = Release|Any CPU
		{96C6F0F6-2FA0-4F82-B68D-903264F02383}.Release|x64.Build.0 = Release|Any CPU
		{96C6F0F6-2FA0-4F82-B68D-903264F02383}.Release|x86.ActiveCfg = Release|Any CPU
		{96C6F0F6-2FA0-4F82-B68D-903264F02383}.Release|x86.Build.0 = Release|Any CPU
		{4C519B03-BEAB-4586-B8BF-9C2A43DDF87F}.Debug|Any CPU.ActiveCfg = Debug|Any CPU
		{4C519B03-BEAB-4586-B8BF-9C2A43DDF87F}.Debug|Any CPU.Build.0 = Debug|Any CPU
		{4C519B03-BEAB-4586-B8BF-9C2A43DDF87F}.Debug|x64.ActiveCfg = Debug|Any CPU
		{4C519B03-BEAB-4586-B8BF-9C2A43DDF87F}.Debug|x64.Build.0 = Debug|Any CPU
		{4C519B03-BEAB-4586-B8BF-9C2A43DDF87F}.Debug|x86.ActiveCfg = Debug|Any CPU
		{4C519B03-BEAB-4586-B8BF-9C2A43DDF87F}.Debug|x86.Build.0 = Debug|Any CPU
		{4C519B03-BEAB-4586-B8BF-9C2A43DDF87F}.Release|Any CPU.ActiveCfg = Release|Any CPU
		{4C519B03-BEAB-4586-B8BF-9C2A43DDF87F}.Release|Any CPU.Build.0 = Release|Any CPU
		{4C519B03-BEAB-4586-B8BF-9C2A43DDF87F}.Release|x64.ActiveCfg = Release|Any CPU
		{4C519B03-BEAB-4586-B8BF-9C2A43DDF87F}.Release|x64.Build.0 = Release|Any CPU
		{4C519B03-BEAB-4586-B8BF-9C2A43DDF87F}.Release|x86.ActiveCfg = Release|Any CPU
		{4C519B03-BEAB-4586-B8BF-9C2A43DDF87F}.Release|x86.Build.0 = Release|Any CPU
		{8FD314D7-C2CE-4697-80A5-38AECE35EDD3}.Debug|Any CPU.ActiveCfg = Debug|Any CPU
		{8FD314D7-C2CE-4697-80A5-38AECE35EDD3}.Debug|Any CPU.Build.0 = Debug|Any CPU
		{8FD314D7-C2CE-4697-80A5-38AECE35EDD3}.Debug|x64.ActiveCfg = Debug|Any CPU
		{8FD314D7-C2CE-4697-80A5-38AECE35EDD3}.Debug|x64.Build.0 = Debug|Any CPU
		{8FD314D7-C2CE-4697-80A5-38AECE35EDD3}.Debug|x86.ActiveCfg = Debug|Any CPU
		{8FD314D7-C2CE-4697-80A5-38AECE35EDD3}.Debug|x86.Build.0 = Debug|Any CPU
		{8FD314D7-C2CE-4697-80A5-38AECE35EDD3}.Release|Any CPU.ActiveCfg = Release|Any CPU
		{8FD314D7-C2CE-4697-80A5-38AECE35EDD3}.Release|Any CPU.Build.0 = Release|Any CPU
		{8FD314D7-C2CE-4697-80A5-38AECE35EDD3}.Release|x64.ActiveCfg = Release|Any CPU
		{8FD314D7-C2CE-4697-80A5-38AECE35EDD3}.Release|x64.Build.0 = Release|Any CPU
		{8FD314D7-C2CE-4697-80A5-38AECE35EDD3}.Release|x86.ActiveCfg = Release|Any CPU
		{8FD314D7-C2CE-4697-80A5-38AECE35EDD3}.Release|x86.Build.0 = Release|Any CPU
	EndGlobalSection
	GlobalSection(SolutionProperties) = preSolution
		HideSolutionNode = FALSE
	EndGlobalSection
	GlobalSection(NestedProjects) = preSolution
		{8FD314D7-C2CE-4697-80A5-38AECE35EDD3} = {14856823-95F8-4234-BB73-2AB8A4FCFB90}
	EndGlobalSection
	GlobalSection(ExtensibilityGlobals) = postSolution
		SolutionGuid = {A49D42F6-1512-4538-8020-0D683E8E56B1}
	EndGlobalSection
EndGlobal
